
Microsoft Visual Studio Solution File, Format Version 12.00
# Visual Studio Version 16
VisualStudioVersion = 16.0.30204.135
MinimumVisualStudioVersion = 10.0.40219.1
Project("{FAE04EC0-301F-11D3-BF4B-00C04F79EFBC}") = "MVC_EF_Deneme", "MVC_EF_Deneme.csproj", "{DB5A5014-DBB1-4AB9-B486-80006E6EDAD1}"
EndProject
Global
	GlobalSection(SolutionConfigurationPlatforms) = preSolution
		Debug|Any CPU = Debug|Any CPU
		Release|Any CPU = Release|Any CPU
	EndGlobalSection
	GlobalSection(ProjectConfigurationPlatforms) = postSolution
		{DB5A5014-DBB1-4AB9-B486-80006E6EDAD1}.Debug|Any CPU.ActiveCfg = Debug|Any CPU
		{DB5A5014-DBB1-4AB9-B486-80006E6EDAD1}.Debug|Any CPU.Build.0 = Debug|Any CPU
		{DB5A5014-DBB1-4AB9-B486-80006E6EDAD1}.Release|Any CPU.ActiveCfg = Release|Any CPU
		{DB5A5014-DBB1-4AB9-B486-80006E6EDAD1}.Release|Any CPU.Build.0 = Release|Any CPU
	EndGlobalSection
	GlobalSection(SolutionProperties) = preSolution
		HideSolutionNode = FALSE
	EndGlobalSection
	GlobalSection(ExtensibilityGlobals) = postSolution
		SolutionGuid = {385C0E60-AD39-4A19-ADA5-96F09EB173C8}
	EndGlobalSection
EndGlobal
